
Microsoft Visual Studio Solution File, Format Version 12.00
# Visual Studio Version 17
VisualStudioVersion = 17.4.33213.308
MinimumVisualStudioVersion = 10.0.40219.1
Project("{9A19103F-16F7-4668-BE54-9A1E7A4F7556}") = "21.MergeTwoSortedLists", "21.MergeTwoSortedLists\21.MergeTwoSortedLists.csproj", "{DAC185F3-4A52-4B10-A0F5-E82D36B89A2D}"
EndProject
Project("{2150E333-8FDC-42A3-9474-1A3956D46DE8}") = "Queries", "Queries", "{5E9C00ED-1963-4C01-BACA-3BA35CD9C3BE}"
	ProjectSection(SolutionItems) = preProject
		SQL_1148.ArticleViewsI.txt = SQL_1148.ArticleViewsI.txt
		SQL_1757.RecyclableAndLowFatProductsQuery.txt = SQL_1757.RecyclableAndLowFatProductsQuery.txt
		SQL_183.CustomersWhoNeverOrder.txt = SQL_183.CustomersWhoNeverOrder.txt
		SQL_595.BigCountries.txt = SQL_595.BigCountries.txt
	EndProjectSection
EndProject
Project("{9A19103F-16F7-4668-BE54-9A1E7A4F7556}") = "13.RomanToInteger", "13.RomanToInteger\13.RomanToInteger.csproj", "{C5A6E758-E7FC-4863-ACE1-90A0FE44C1B3}"
EndProject
Project("{FAE04EC0-301F-11D3-BF4B-00C04F79EFBC}") = "14.LongestCommonPrefix", "14.LongestCommonPrefix\14.LongestCommonPrefix.csproj", "{D6A958A0-3772-4C64-B58E-3A7F731C727A}"
EndProject
Global
	GlobalSection(SolutionConfigurationPlatforms) = preSolution
		Debug|Any CPU = Debug|Any CPU
		Release|Any CPU = Release|Any CPU
	EndGlobalSection
	GlobalSection(ProjectConfigurationPlatforms) = postSolution
		{DAC185F3-4A52-4B10-A0F5-E82D36B89A2D}.Debug|Any CPU.ActiveCfg = Debug|Any CPU
		{DAC185F3-4A52-4B10-A0F5-E82D36B89A2D}.Debug|Any CPU.Build.0 = Debug|Any CPU
		{DAC185F3-4A52-4B10-A0F5-E82D36B89A2D}.Release|Any CPU.ActiveCfg = Release|Any CPU
		{DAC185F3-4A52-4B10-A0F5-E82D36B89A2D}.Release|Any CPU.Build.0 = Release|Any CPU
		{C5A6E758-E7FC-4863-ACE1-90A0FE44C1B3}.Debug|Any CPU.ActiveCfg = Debug|Any CPU
		{C5A6E758-E7FC-4863-ACE1-90A0FE44C1B3}.Debug|Any CPU.Build.0 = Debug|Any CPU
		{C5A6E758-E7FC-4863-ACE1-90A0FE44C1B3}.Release|Any CPU.ActiveCfg = Release|Any CPU
		{C5A6E758-E7FC-4863-ACE1-90A0FE44C1B3}.Release|Any CPU.Build.0 = Release|Any CPU
		{D6A958A0-3772-4C64-B58E-3A7F731C727A}.Debug|Any CPU.ActiveCfg = Debug|Any CPU
		{D6A958A0-3772-4C64-B58E-3A7F731C727A}.Debug|Any CPU.Build.0 = Debug|Any CPU
		{D6A958A0-3772-4C64-B58E-3A7F731C727A}.Release|Any CPU.ActiveCfg = Release|Any CPU
		{D6A958A0-3772-4C64-B58E-3A7F731C727A}.Release|Any CPU.Build.0 = Release|Any CPU
	EndGlobalSection
	GlobalSection(SolutionProperties) = preSolution
		HideSolutionNode = FALSE
	EndGlobalSection
	GlobalSection(ExtensibilityGlobals) = postSolution
		SolutionGuid = {9F4ADE42-B07C-40FC-AE9E-914F6CD46344}
	EndGlobalSection
EndGlobal
