
Microsoft Visual Studio Solution File, Format Version 12.00
# Visual Studio Version 17
VisualStudioVersion = 17.4.33213.308
MinimumVisualStudioVersion = 10.0.40219.1
Project("{2150E333-8FDC-42A3-9474-1A3956D46DE8}") = "Queries", "Queries", "{5E9C00ED-1963-4C01-BACA-3BA35CD9C3BE}"
	ProjectSection(SolutionItems) = preProject
		SQL_1148.ArticleViewsI.txt = SQL_1148.ArticleViewsI.txt
		SQL_175.CombineTwoTables.txt = SQL_175.CombineTwoTables.txt
		SQL_1757.RecyclableAndLowFatProductsQuery.txt = SQL_1757.RecyclableAndLowFatProductsQuery.txt
		SQL_183.CustomersWhoNeverOrder.txt = SQL_183.CustomersWhoNeverOrder.txt
		SQL_595.BigCountries.txt = SQL_595.BigCountries.txt
	EndProjectSection
EndProject
Project("{9A19103F-16F7-4668-BE54-9A1E7A4F7556}") = "Easy", "Easy\Easy.csproj", "{3BDDE582-500C-4D17-9FBD-6CFA5B996934}"
EndProject
Project("{9A19103F-16F7-4668-BE54-9A1E7A4F7556}") = "Medium", "Medium\Medium.csproj", "{FFAA6F93-50D2-47FD-9926-BE941D5BD133}"
EndProject
Project("{FAE04EC0-301F-11D3-BF4B-00C04F79EFBC}") = "ConsoleTests", "ConsoleTests\ConsoleTests.csproj", "{CAB9E7CF-4BE3-4158-84A8-AE562FEDB6BA}"
EndProject
Global
	GlobalSection(SolutionConfigurationPlatforms) = preSolution
		Debug|Any CPU = Debug|Any CPU
		Release|Any CPU = Release|Any CPU
	EndGlobalSection
	GlobalSection(ProjectConfigurationPlatforms) = postSolution
		{3BDDE582-500C-4D17-9FBD-6CFA5B996934}.Debug|Any CPU.ActiveCfg = Debug|Any CPU
		{3BDDE582-500C-4D17-9FBD-6CFA5B996934}.Debug|Any CPU.Build.0 = Debug|Any CPU
		{3BDDE582-500C-4D17-9FBD-6CFA5B996934}.Release|Any CPU.ActiveCfg = Release|Any CPU
		{3BDDE582-500C-4D17-9FBD-6CFA5B996934}.Release|Any CPU.Build.0 = Release|Any CPU
		{FFAA6F93-50D2-47FD-9926-BE941D5BD133}.Debug|Any CPU.ActiveCfg = Debug|Any CPU
		{FFAA6F93-50D2-47FD-9926-BE941D5BD133}.Debug|Any CPU.Build.0 = Debug|Any CPU
		{FFAA6F93-50D2-47FD-9926-BE941D5BD133}.Release|Any CPU.ActiveCfg = Release|Any CPU
		{FFAA6F93-50D2-47FD-9926-BE941D5BD133}.Release|Any CPU.Build.0 = Release|Any CPU
		{CAB9E7CF-4BE3-4158-84A8-AE562FEDB6BA}.Debug|Any CPU.ActiveCfg = Debug|Any CPU
		{CAB9E7CF-4BE3-4158-84A8-AE562FEDB6BA}.Debug|Any CPU.Build.0 = Debug|Any CPU
		{CAB9E7CF-4BE3-4158-84A8-AE562FEDB6BA}.Release|Any CPU.ActiveCfg = Release|Any CPU
		{CAB9E7CF-4BE3-4158-84A8-AE562FEDB6BA}.Release|Any CPU.Build.0 = Release|Any CPU
	EndGlobalSection
	GlobalSection(SolutionProperties) = preSolution
		HideSolutionNode = FALSE
	EndGlobalSection
	GlobalSection(ExtensibilityGlobals) = postSolution
		SolutionGuid = {9F4ADE42-B07C-40FC-AE9E-914F6CD46344}
	EndGlobalSection
EndGlobal
